{
    "_meta": {
        "hash": {
            "sha256": "41686929935a96f37a9a9208d00391d756d1ebddcdab8ea23acdba23f0804186"
        },
        "pipfile-spec": 6,
        "requires": {
            "python_version": "3.8"
        },
        "sources": [
            {
                "name": "pypi",
                "url": "https://pypi.org/simple",
                "verify_ssl": true
            }
        ]
    },
    "default": {
        "certifi": {
            "hashes": [
                "sha256:84c85a9078b11105f04f3036a9482ae10e4621616db313fe045dd24743a0820d",
                "sha256:fe86415d55e84719d75f8b69414f6438ac3547d2078ab91b67e779ef69378412"
            ],
            "markers": "python_version >= '3.6'",
            "version": "==2022.6.15"
        },
        "cjwmodule": {
            "hashes": [
                "sha256:6af75294d3af6767192ea56b4497194e808482ba4aa7a57b69cd926606416307"
            ],
            "index": "pypi",
            "version": "==3.1.0"
        },
        "google-re2": {
            "hashes": [
                "sha256:427e683ac116d161ac60b7d2c481def4f1b2c087309ae8e91da0d1a2725dd6c5"
            ],
            "markers": "python_version ~= '3.6'",
            "version": "==0.0.5"
        },
        "h11": {
            "hashes": [
                "sha256:70813c1135087a248a4d38cc0e1a0181ffab2188141a93eaf567940c3957ff06",
                "sha256:8ddd78563b633ca55346c8cd41ec0af27d3c79931828beffb46ce70a379e7442"
            ],
            "markers": "python_version >= '3.6'",
            "version": "==0.13.0"
        },
        "httpcore": {
            "hashes": [
                "sha256:37ae835fb370049b2030c3290e12ed298bf1473c41bb72ca4aa78681eba9b7c9",
                "sha256:93e822cd16c32016b414b789aeff4e855d0ccbfc51df563ee34d4dbadbb3bcdc"
            ],
            "markers": "python_version >= '3.6'",
            "version": "==0.12.3"
        },
        "httpx": {
            "hashes": [
                "sha256:126424c279c842738805974687e0518a94c7ae8d140cd65b9c4f77ac46ffa537",
                "sha256:9cffb8ba31fac6536f2c8cde30df859013f59e4bcc5b8d43901cb3654a8e0a5b"
            ],
            "markers": "python_version >= '3.6'",
            "version": "==0.16.1"
        },
        "idna": {
            "hashes": [
                "sha256:84d9dd047ffa80596e0f246e2eab0b391788b0503584e8945f2368256d2735ff",
                "sha256:9d643ff0a55b762d5cdb124b8eaa99c66322e2157b69160bc32796e824360e6d"
            ],
            "version": "==3.3"
        },
        "numpy": {
            "hashes": [
                "sha256:0cfe07133fd00b27edee5e6385e333e9eeb010607e8a46e1cd673f05f8596595",
                "sha256:11a1f3816ea82eed4178102c56281782690ab5993251fdfd75039aad4d20385f",
                "sha256:2762331de395739c91f1abb88041f94a080cb1143aeec791b3b223976228af3f",
                "sha256:283d9de87c0133ef98f93dfc09fad3fb382f2a15580de75c02b5bb36a5a159a5",
                "sha256:3d22662b4b10112c545c91a0741f2436f8ca979ab3d69d03d19322aa970f9695",
                "sha256:41388e32e40b41dd56eb37fcaa7488b2b47b0adf77c66154d6b89622c110dfe9",
                "sha256:42c16cec1c8cf2728f1d539bd55aaa9d6bb48a7de2f41eb944697293ef65a559",
                "sha256:47ee7a839f5885bc0c63a74aabb91f6f40d7d7b639253768c4199b37aede7982",
                "sha256:5a311ee4d983c487a0ab546708edbdd759393a3dc9cd30305170149fedd23c88",
                "sha256:5dc65644f75a4c2970f21394ad8bea1a844104f0fe01f278631be1c7eae27226",
                "sha256:6ed0d073a9c54ac40c41a9c2d53fcc3d4d4ed607670b9e7b0de1ba13b4cbfe6f",
                "sha256:76ba7c40e80f9dc815c5e896330700fd6e20814e69da9c1267d65a4d051080f1",
                "sha256:818b9be7900e8dc23e013a92779135623476f44a0de58b40c32a15368c01d471",
                "sha256:a024181d7aef0004d76fb3bce2a4c9f2e67a609a9e2a6ff2571d30e9976aa383",
                "sha256:a955e4128ac36797aaffd49ab44ec74a71c11d6938df83b1285492d277db5397",
                "sha256:a97a954a8c2f046d3817c2bce16e3c7e9a9c2afffaf0400f5c16df5172a67c9c",
                "sha256:a97e82c39d9856fe7d4f9b86d8a1e66eff99cf3a8b7ba48202f659703d27c46f",
                "sha256:b55b953a1bdb465f4dc181758570d321db4ac23005f90ffd2b434cc6609a63dd",
                "sha256:bb02929b0d6bfab4c48a79bd805bd7419114606947ec8284476167415171f55b",
                "sha256:bece0a4a49e60e472a6d1f70ac6cdea00f9ab80ff01132f96bd970cdd8a9e5a9",
                "sha256:e41e8951749c4b5c9a2dc5fdbc1a4eec6ab2a140fdae9b460b0f557eed870f4d",
                "sha256:f71d57cc8645f14816ae249407d309be250ad8de93ef61d9709b45a0ddf4050c"
            ],
            "index": "pypi",
            "version": "==1.22.0"
        },
        "pandas": {
            "hashes": [
                "sha256:00dff3a8e337f5ed7ad295d98a31821d3d0fe7792da82d78d7fd79b89c03ea9d",
                "sha256:22361b1597c8c2ffd697aa9bf85423afa9e1fcfa6b1ea821054a244d5f24d75e",
                "sha256:255920e63850dc512ce356233081098554d641ba99c3767dde9e9f35630f994b",
                "sha256:26382aab9c119735908d94d2c5c08020a4a0a82969b7e5eefb92f902b3b30ad7",
                "sha256:33970f4cacdd9a0ddb8f21e151bfb9f178afb7c36eb7c25b9094c02876f385c2",
                "sha256:4545467a637e0e1393f7d05d61dace89689ad6d6f66f267f86fff737b702cce9",
                "sha256:52da74df8a9c9a103af0a72c9d5fdc8e0183a90884278db7f386b5692a2220a4",
                "sha256:61741f5aeb252f39c3031d11405305b6d10ce663c53bc3112705d7ad66c013d0",
                "sha256:6a3ac2c87e4e32a969921d1428525f09462770c349147aa8e9ab95f88c71ec71",
                "sha256:7458c48e3d15b8aaa7d575be60e1e4dd70348efcd9376656b72fecd55c59a4c3",
                "sha256:78bf638993219311377ce9836b3dc05f627a666d0dbc8cec37c0ff3c9ada673b",
                "sha256:8153705d6545fd9eb6dd2bc79301bff08825d2e2f716d5dced48daafc2d0b81f",
                "sha256:975c461accd14e89d71772e89108a050fa824c0b87a67d34cedf245f6681fc17",
                "sha256:9962957a27bfb70ab64103d0a7b42fa59c642fb4ed4cb75d0227b7bb9228535d",
                "sha256:adc3d3a3f9e59a38d923e90e20c4922fc62d1e5a03d083440468c6d8f3f1ae0a",
                "sha256:bbe3eb765a0b1e578833d243e2814b60c825b7fdbf4cdfe8e8aae8a08ed56ecf",
                "sha256:df8864824b1fe488cf778c3650ee59c3a0d8f42e53707de167ba6b4f7d35f133",
                "sha256:e45055c30a608076e31a9fcd780a956ed3b1fa20db61561b8d88b79259f526f7",
                "sha256:ee50c2142cdcf41995655d499a157d0a812fce55c97d9aad13bc1eef837ed36c"
            ],
            "index": "pypi",
            "version": "==0.25.3"
        },
        "pyarrow": {
            "hashes": [
                "sha256:00d8fb8a9b2d9bb2f0ced2765b62c5d72689eed06c47315bca004584b0ccda60",
                "sha256:0b358773eb9fb1b31c8217c6c8c0b4681c3dff80562dc23ad5b379f0279dad69",
                "sha256:0bf43e520c33ceb1dd47263a5326830fca65f18d827f7f7b8fe7e64fc4364d88",
                "sha256:0db5156a66615591a4a8c66a9a30890a364a259de8d2a6ccb873c7d1740e6c75",
                "sha256:1000e491e9a539588ec33a2c2603cf05f1d4629aef375345bfd64f2ab7bc8529",
                "sha256:14b02a629986c25e045f81771799e07a8bb3f339898c111314066436769a3dd4",
                "sha256:16ec87163a2fb4abd48bf79cbdf70a7455faa83740e067c2280cfa45a63ed1f3",
                "sha256:3e33e9003794c9062f4c963a10f2a0d787b83d4d1a517a375294f2293180b778",
                "sha256:652c5dff97624375ed0f97cc8ad6f88ee01953f15c17083917735de171f03fe0",
                "sha256:6afc71cc9c234f3cdbe971297468755ec3392966cb19d3a6caf42fd7dbc6aaa9",
                "sha256:916b593a24f2812b9a75adef1143b1dd89d799e1803282fea2829c5dc0b828ea",
                "sha256:9a8d3c6baa6e159017d97e8a028ae9eaa2811d8f1ab3d22710c04dcddc0dd7a1",
                "sha256:9f4ba9ab479c0172e532f5d73c68e30a31c16b01e09bb21eba9201561231f722",
                "sha256:acdd18fd83c0be0b53a8e734c0a650fb27bbf4e7d96a8f7eb0a7506ea58bd594",
                "sha256:b5e6cd217457e8febcc98a6c279b96f72d5c31a24cd2bffd8d3b2da701d2025c",
                "sha256:bc8c3713086e4a137b3fda4b149440458b1b0bd72f67b1afa2c7068df1edc060",
                "sha256:c801e59ec4e8d9d871e299726a528c3ba3139f2ce2d9cdab101f8483c52eec7c",
                "sha256:ccff3a72f70ebfcc002bf75f5ad1248065e5c9c14e0dcfa599a438ea221c5658",
                "sha256:ce0462cec7f81c4ff87ce1a95c82a8d467606dce6c72e92906ac251c6115f32b",
                "sha256:cf9bf10daadbbf1a360ac1c7dab0b4f8381d81a3f452737bd6ed310d57a88be8",
                "sha256:dc0d04c42632e65c4fcbe2f82c70109c5f347652844ead285bc1285dc3a67660",
                "sha256:dd661b6598ce566c6f41d31cc1fc4482308613c2c0c808bd8db33b0643192f84",
                "sha256:eb05038b750a6e16a9680f9d2c40d050796284ea1f94690da8f4f28805af0495",
                "sha256:fb69672e69e1b752744ee1e236fdf03aad78ffec905fc5c19adbaf88bac4d0fd",
                "sha256:ffb306951b5925a0638dc2ef1ab7ce8033f39e5b4e0fef5787b91ef4fa7da19d"
            ],
            "markers": "python_version >= '3.5'",
            "version": "==2.0.0"
        },
        "python-dateutil": {
            "hashes": [
                "sha256:0123cacc1627ae19ddf3c27a5de5bd67ee4586fbdd6440d9748f8abb483d3e86",
                "sha256:961d03dc3453ebbc59dbdea9e4e11c5651520a876d0f4db161e8674aae935da9"
            ],
            "markers": "python_version >= '2.7' and python_version not in '3.0, 3.1, 3.2, 3.3'",
            "version": "==2.8.2"
        },
        "pytz": {
            "hashes": [
                "sha256:1e760e2fe6a8163bc0b3d9a19c4f84342afa0a2affebfaa84b01b978a02ecaa7",
                "sha256:e68985985296d9a66a881eb3193b0906246245294a881e7c8afe623866ac6a5c"
            ],
            "version": "==2022.1"
        },
        "rfc3986": {
            "extras": [
                "idna2008"
            ],
            "hashes": [
                "sha256:270aaf10d87d0d4e095063c65bf3ddbc6ee3d0b226328ce21e036f946e421835",
                "sha256:a86d6e1f5b1dc238b218b012df0aa79409667bb209e58da56d0b94704e712a97"
            ],
            "version": "==1.5.0"
        },
        "six": {
            "hashes": [
                "sha256:1e61c37477a1626458e36f7b1d82aa5c9b094fa4802892072e49de9c60c4c926",
                "sha256:8abb2f1d86890a2dfb989f9a77cfcfd3e47c2a354b01111771326f8aa26e0254"
            ],
            "markers": "python_version >= '2.7' and python_version not in '3.0, 3.1, 3.2, 3.3'",
            "version": "==1.16.0"
        },
        "sniffio": {
            "hashes": [
                "sha256:471b71698eac1c2112a40ce2752bb2f4a4814c22a54a3eed3676bc0f5ca9f663",
                "sha256:c4666eecec1d3f50960c6bdf61ab7bc350648da6c126e3cf6898d8cd4ddcd3de"
            ],
            "markers": "python_version >= '3.5'",
            "version": "==1.2.0"
        }
    },
    "develop": {}
}
